// !$*UTF8*$!
{
	archiveVersion = 1;
	classes = {
	};
	objectVersion = 56;
	objects = {

/* Begin PBXBuildFile section */
		3EDDE8522A0D8FC700C70F95 /* Meditation_and_Focus___Cs_ProjectApp.swift in Sources */ = {isa = PBXBuildFile; fileRef = 3EDDE8512A0D8FC700C70F95 /* Meditation_and_Focus___Cs_ProjectApp.swift */; };
		3EDDE8542A0D8FC700C70F95 /* ContentView.swift in Sources */ = {isa = PBXBuildFile; fileRef = 3EDDE8532A0D8FC700C70F95 /* ContentView.swift */; };
		3EDDE8562A0D8FC700C70F95 /* Assets.xcassets in Resources */ = {isa = PBXBuildFile; fileRef = 3EDDE8552A0D8FC700C70F95 /* Assets.xcassets */; };
		3EDDE8592A0D8FC700C70F95 /* Preview Assets.xcassets in Resources */ = {isa = PBXBuildFile; fileRef = 3EDDE8582A0D8FC700C70F95 /* Preview Assets.xcassets */; };
		3EDDE8632A0D8FC800C70F95 /* Meditation_and_Focus___Cs_ProjectTests.swift in Sources */ = {isa = PBXBuildFile; fileRef = 3EDDE8622A0D8FC800C70F95 /* Meditation_and_Focus___Cs_ProjectTests.swift */; };
		3EDDE86D2A0D8FC800C70F95 /* Meditation_and_Focus___Cs_ProjectUITests.swift in Sources */ = {isa = PBXBuildFile; fileRef = 3EDDE86C2A0D8FC800C70F95 /* Meditation_and_Focus___Cs_ProjectUITests.swift */; };
		3EDDE86F2A0D8FC800C70F95 /* Meditation_and_Focus___Cs_ProjectUITestsLaunchTests.swift in Sources */ = {isa = PBXBuildFile; fileRef = 3EDDE86E2A0D8FC800C70F95 /* Meditation_and_Focus___Cs_ProjectUITestsLaunchTests.swift */; };
/* End PBXBuildFile section */

/* Begin PBXContainerItemProxy section */
		3EDDE85F2A0D8FC800C70F95 /* PBXContainerItemProxy */ = {
			isa = PBXContainerItemProxy;
			containerPortal = 3EDDE8462A0D8FC700C70F95 /* Project object */;
			proxyType = 1;
			remoteGlobalIDString = 3EDDE84D2A0D8FC700C70F95;
			remoteInfo = "Meditation and Focus - Cs Project";
		};
		3EDDE8692A0D8FC800C70F95 /* PBXContainerItemProxy */ = {
			isa = PBXContainerItemProxy;
			containerPortal = 3EDDE8462A0D8FC700C70F95 /* Project object */;
			proxyType = 1;
			remoteGlobalIDString = 3EDDE84D2A0D8FC700C70F95;
			remoteInfo = "Meditation and Focus - Cs Project";
		};
/* End PBXContainerItemProxy section */

/* Begin PBXFileReference section */
		3EDDE84E2A0D8FC700C70F95 /* Meditation and Focus - Cs Project.app */ = {isa = PBXFileReference; explicitFileType = wrapper.application; includeInIndex = 0; path = "Meditation and Focus - Cs Project.app"; sourceTree = BUILT_PRODUCTS_DIR; };
		3EDDE8512A0D8FC700C70F95 /* Meditation_and_Focus___Cs_ProjectApp.swift */ = {isa = PBXFileReference; lastKnownFileType = sourcecode.swift; path = "Meditation_and_Focus___Cs_ProjectApp.swift"; sourceTree = "<group>"; };
		3EDDE8532A0D8FC700C70F95 /* ContentView.swift */ = {isa = PBXFileReference; lastKnownFileType = sourcecode.swift; path = ContentView.swift; sourceTree = "<group>"; };
		3EDDE8552A0D8FC700C70F95 /* Assets.xcassets */ = {isa = PBXFileReference; lastKnownFileType = folder.assetcatalog; path = Assets.xcassets; sourceTree = "<group>"; };
		3EDDE8582A0D8FC700C70F95 /* Preview Assets.xcassets */ = {isa = PBXFileReference; lastKnownFileType = folder.assetcatalog; path = "Preview Assets.xcassets"; sourceTree = "<group>"; };
		3EDDE85E2A0D8FC800C70F95 /* Meditation and Focus - Cs ProjectTests.xctest */ = {isa = PBXFileReference; explicitFileType = wrapper.cfbundle; includeInIndex = 0; path = "Meditation and Focus - Cs ProjectTests.xctest"; sourceTree = BUILT_PRODUCTS_DIR; };
		3EDDE8622A0D8FC800C70F95 /* Meditation_and_Focus___Cs_ProjectTests.swift */ = {isa = PBXFileReference; lastKnownFileType = sourcecode.swift; path = "Meditation_and_Focus___Cs_ProjectTests.swift"; sourceTree = "<group>"; };
		3EDDE8682A0D8FC800C70F95 /* Meditation and Focus - Cs ProjectUITests.xctest */ = {isa = PBXFileReference; explicitFileType = wrapper.cfbundle; includeInIndex = 0; path = "Meditation and Focus - Cs ProjectUITests.xctest"; sourceTree = BUILT_PRODUCTS_DIR; };
		3EDDE86C2A0D8FC800C70F95 /* Meditation_and_Focus___Cs_ProjectUITests.swift */ = {isa = PBXFileReference; lastKnownFileType = sourcecode.swift; path = "Meditation_and_Focus___Cs_ProjectUITests.swift"; sourceTree = "<group>"; };
		3EDDE86E2A0D8FC800C70F95 /* Meditation_and_Focus___Cs_ProjectUITestsLaunchTests.swift */ = {isa = PBXFileReference; lastKnownFileType = sourcecode.swift; path = "Meditation_and_Focus___Cs_ProjectUITestsLaunchTests.swift"; sourceTree = "<group>"; };
/* End PBXFileReference section */

/* Begin PBXFrameworksBuildPhase section */
		3EDDE84B2A0D8FC700C70F95 /* Frameworks */ = {
			isa = PBXFrameworksBuildPhase;
			buildActionMask = 2147483647;
			files = (
			);
			runOnlyForDeploymentPostprocessing = 0;
		};
		3EDDE85B2A0D8FC800C70F95 /* Frameworks */ = {
			isa = PBXFrameworksBuildPhase;
			buildActionMask = 2147483647;
			files = (
			);
			runOnlyForDeploymentPostprocessing = 0;
		};
		3EDDE8652A0D8FC800C70F95 /* Frameworks */ = {
			isa = PBXFrameworksBuildPhase;
			buildActionMask = 2147483647;
			files = (
			);
			runOnlyForDeploymentPostprocessing = 0;
		};
/* End PBXFrameworksBuildPhase section */

/* Begin PBXGroup section */
		3EDDE8452A0D8FC600C70F95 = {
			isa = PBXGroup;
			children = (
				3EDDE8502A0D8FC700C70F95 /* Meditation and Focus - Cs Project */,
				3EDDE8612A0D8FC800C70F95 /* Meditation and Focus - Cs ProjectTests */,
				3EDDE86B2A0D8FC800C70F95 /* Meditation and Focus - Cs ProjectUITests */,
				3EDDE84F2A0D8FC700C70F95 /* Products */,
			);
			sourceTree = "<group>";
		};
		3EDDE84F2A0D8FC700C70F95 /* Products */ = {
			isa = PBXGroup;
			children = (
				3EDDE84E2A0D8FC700C70F95 /* Meditation and Focus - Cs Project.app */,
				3EDDE85E2A0D8FC800C70F95 /* Meditation and Focus - Cs ProjectTests.xctest */,
				3EDDE8682A0D8FC800C70F95 /* Meditation and Focus - Cs ProjectUITests.xctest */,
			);
			name = Products;
			sourceTree = "<group>";
		};
		3EDDE8502A0D8FC700C70F95 /* Meditation and Focus - Cs Project */ = {
			isa = PBXGroup;
			children = (
				3EDDE8512A0D8FC700C70F95 /* Meditation_and_Focus___Cs_ProjectApp.swift */,
				3EDDE8532A0D8FC700C70F95 /* ContentView.swift */,
				3EDDE8552A0D8FC700C70F95 /* Assets.xcassets */,
				3EDDE8572A0D8FC700C70F95 /* Preview Content */,
			);
			path = "Meditation and Focus - Cs Project";
			sourceTree = "<group>";
		};
		3EDDE8572A0D8FC700C70F95 /* Preview Content */ = {
			isa = PBXGroup;
			children = (
				3EDDE8582A0D8FC700C70F95 /* Preview Assets.xcassets */,
			);
			path = "Preview Content";
			sourceTree = "<group>";
		};
		3EDDE8612A0D8FC800C70F95 /* Meditation and Focus - Cs ProjectTests */ = {
			isa = PBXGroup;
			children = (
				3EDDE8622A0D8FC800C70F95 /* Meditation_and_Focus___Cs_ProjectTests.swift */,
			);
			path = "Meditation and Focus - Cs ProjectTests";
			sourceTree = "<group>";
		};
		3EDDE86B2A0D8FC800C70F95 /* Meditation and Focus - Cs ProjectUITests */ = {
			isa = PBXGroup;
			children = (
				3EDDE86C2A0D8FC800C70F95 /* Meditation_and_Focus___Cs_ProjectUITests.swift */,
				3EDDE86E2A0D8FC800C70F95 /* Meditation_and_Focus___Cs_ProjectUITestsLaunchTests.swift */,
			);
			path = "Meditation and Focus - Cs ProjectUITests";
			sourceTree = "<group>";
		};
/* End PBXGroup section */

/* Begin PBXNativeTarget section */
		3EDDE84D2A0D8FC700C70F95 /* Meditation and Focus - Cs Project */ = {
			isa = PBXNativeTarget;
			buildConfigurationList = 3EDDE8722A0D8FC800C70F95 /* Build configuration list for PBXNativeTarget "Meditation and Focus - Cs Project" */;
			buildPhases = (
				3EDDE84A2A0D8FC700C70F95 /* Sources */,
				3EDDE84B2A0D8FC700C70F95 /* Frameworks */,
				3EDDE84C2A0D8FC700C70F95 /* Resources */,
			);
			buildRules = (
			);
			dependencies = (
			);
			name = "Meditation and Focus - Cs Project";
			productName = "Meditation and Focus - Cs Project";
			productReference = 3EDDE84E2A0D8FC700C70F95 /* Meditation and Focus - Cs Project.app */;
			productType = "com.apple.product-type.application";
		};
		3EDDE85D2A0D8FC800C70F95 /* Meditation and Focus - Cs ProjectTests */ = {
			isa = PBXNativeTarget;
			buildConfigurationList = 3EDDE8752A0D8FC800C70F95 /* Build configuration list for PBXNativeTarget "Meditation and Focus - Cs ProjectTests" */;
			buildPhases = (
				3EDDE85A2A0D8FC800C70F95 /* Sources */,
				3EDDE85B2A0D8FC800C70F95 /* Frameworks */,
				3EDDE85C2A0D8FC800C70F95 /* Resources */,
			);
			buildRules = (
			);
			dependencies = (
				3EDDE8602A0D8FC800C70F95 /* PBXTargetDependency */,
			);
			name = "Meditation and Focus - Cs ProjectTests";
			productName = "Meditation and Focus - Cs ProjectTests";
			productReference = 3EDDE85E2A0D8FC800C70F95 /* Meditation and Focus - Cs ProjectTests.xctest */;
			productType = "com.apple.product-type.bundle.unit-test";
		};
		3EDDE8672A0D8FC800C70F95 /* Meditation and Focus - Cs ProjectUITests */ = {
			isa = PBXNativeTarget;
			buildConfigurationList = 3EDDE8782A0D8FC800C70F95 /* Build configuration list for PBXNativeTarget "Meditation and Focus - Cs ProjectUITests" */;
			buildPhases = (
				3EDDE8642A0D8FC800C70F95 /* Sources */,
				3EDDE8652A0D8FC800C70F95 /* Frameworks */,
				3EDDE8662A0D8FC800C70F95 /* Resources */,
			);
			buildRules = (
			);
			dependencies = (
				3EDDE86A2A0D8FC800C70F95 /* PBXTargetDependency */,
			);
			name = "Meditation and Focus - Cs ProjectUITests";
			productName = "Meditation and Focus - Cs ProjectUITests";
			productReference = 3EDDE8682A0D8FC800C70F95 /* Meditation and Focus - Cs ProjectUITests.xctest */;
			productType = "com.apple.product-type.bundle.ui-testing";
		};
/* End PBXNativeTarget section */

/* Begin PBXProject section */
		3EDDE8462A0D8FC700C70F95 /* Project object */ = {
			isa = PBXProject;
			attributes = {
				BuildIndependentTargetsInParallel = 1;
				LastSwiftUpdateCheck = 1430;
				LastUpgradeCheck = 1430;
				TargetAttributes = {
					3EDDE84D2A0D8FC700C70F95 = {
						CreatedOnToolsVersion = 14.3;
					};
					3EDDE85D2A0D8FC800C70F95 = {
						CreatedOnToolsVersion = 14.3;
						TestTargetID = 3EDDE84D2A0D8FC700C70F95;
					};
					3EDDE8672A0D8FC800C70F95 = {
						CreatedOnToolsVersion = 14.3;
						TestTargetID = 3EDDE84D2A0D8FC700C70F95;
					};
				};
			};
			buildConfigurationList = 3EDDE8492A0D8FC700C70F95 /* Build configuration list for PBXProject "Meditation and Focus - Cs Project" */;
			compatibilityVersion = "Xcode 14.0";
			developmentRegion = en;
			hasScannedForEncodings = 0;
			knownRegions = (
				en,
				Base,
			);
			mainGroup = 3EDDE8452A0D8FC600C70F95;
			productRefGroup = 3EDDE84F2A0D8FC700C70F95 /* Products */;
			projectDirPath = "";
			projectRoot = "";
			targets = (
				3EDDE84D2A0D8FC700C70F95 /* Meditation and Focus - Cs Project */,
				3EDDE85D2A0D8FC800C70F95 /* Meditation and Focus - Cs ProjectTests */,
				3EDDE8672A0D8FC800C70F95 /* Meditation and Focus - Cs ProjectUITests */,
			);
		};
/* End PBXProject section */

/* Begin PBXResourcesBuildPhase section */
		3EDDE84C2A0D8FC700C70F95 /* Resources */ = {
			isa = PBXResourcesBuildPhase;
			buildActionMask = 2147483647;
			files = (
				3EDDE8592A0D8FC700C70F95 /* Preview Assets.xcassets in Resources */,
				3EDDE8562A0D8FC700C70F95 /* Assets.xcassets in Resources */,
			);
			runOnlyForDeploymentPostprocessing = 0;
		};
		3EDDE85C2A0D8FC800C70F95 /* Resources */ = {
			isa = PBXResourcesBuildPhase;
			buildActionMask = 2147483647;
			files = (
			);
			runOnlyForDeploymentPostprocessing = 0;
		};
		3EDDE8662A0D8FC800C70F95 /* Resources */ = {
			isa = PBXResourcesBuildPhase;
			buildActionMask = 2147483647;
			files = (
			);
			runOnlyForDeploymentPostprocessing = 0;
		};
/* End PBXResourcesBuildPhase section */

/* Begin PBXSourcesBuildPhase section */
		3EDDE84A2A0D8FC700C70F95 /* Sources */ = {
			isa = PBXSourcesBuildPhase;
			buildActionMask = 2147483647;
			files = (
				3EDDE8542A0D8FC700C70F95 /* ContentView.swift in Sources */,
				3EDDE8522A0D8FC700C70F95 /* Meditation_and_Focus___Cs_ProjectApp.swift in Sources */,
			);
			runOnlyForDeploymentPostprocessing = 0;
		};
		3EDDE85A2A0D8FC800C70F95 /* Sources */ = {
			isa = PBXSourcesBuildPhase;
			buildActionMask = 2147483647;
			files = (
				3EDDE8632A0D8FC800C70F95 /* Meditation_and_Focus___Cs_ProjectTests.swift in Sources */,
			);
			runOnlyForDeploymentPostprocessing = 0;
		};
		3EDDE8642A0D8FC800C70F95 /* Sources */ = {
			isa = PBXSourcesBuildPhase;
			buildActionMask = 2147483647;
			files = (
				3EDDE86D2A0D8FC800C70F95 /* Meditation_and_Focus___Cs_ProjectUITests.swift in Sources */,
				3EDDE86F2A0D8FC800C70F95 /* Meditation_and_Focus___Cs_ProjectUITestsLaunchTests.swift in Sources */,
			);
			runOnlyForDeploymentPostprocessing = 0;
		};
/* End PBXSourcesBuildPhase section */

/* Begin PBXTargetDependency section */
		3EDDE8602A0D8FC800C70F95 /* PBXTargetDependency */ = {
			isa = PBXTargetDependency;
			target = 3EDDE84D2A0D8FC700C70F95 /* Meditation and Focus - Cs Project */;
			targetProxy = 3EDDE85F2A0D8FC800C70F95 /* PBXContainerItemProxy */;
		};
		3EDDE86A2A0D8FC800C70F95 /* PBXTargetDependency */ = {
			isa = PBXTargetDependency;
			target = 3EDDE84D2A0D8FC700C70F95 /* Meditation and Focus - Cs Project */;
			targetProxy = 3EDDE8692A0D8FC800C70F95 /* PBXContainerItemProxy */;
		};
/* End PBXTargetDependency section */

/* Begin XCBuildConfiguration section */
		3EDDE8702A0D8FC800C70F95 /* Debug */ = {
			isa = XCBuildConfiguration;
			buildSettings = {
				ALWAYS_SEARCH_USER_PATHS = NO;
				CLANG_ANALYZER_NONNULL = YES;
				CLANG_ANALYZER_NUMBER_OBJECT_CONVERSION = YES_AGGRESSIVE;
				CLANG_CXX_LANGUAGE_STANDARD = "gnu++20";
				CLANG_ENABLE_MODULES = YES;
				CLANG_ENABLE_OBJC_ARC = YES;
				CLANG_ENABLE_OBJC_WEAK = YES;
				CLANG_WARN_BLOCK_CAPTURE_AUTORELEASING = YES;
				CLANG_WARN_BOOL_CONVERSION = YES;
				CLANG_WARN_COMMA = YES;
				CLANG_WARN_CONSTANT_CONVERSION = YES;
				CLANG_WARN_DEPRECATED_OBJC_IMPLEMENTATIONS = YES;
				CLANG_WARN_DIRECT_OBJC_ISA_USAGE = YES_ERROR;
				CLANG_WARN_DOCUMENTATION_COMMENTS = YES;
				CLANG_WARN_EMPTY_BODY = YES;
				CLANG_WARN_ENUM_CONVERSION = YES;
				CLANG_WARN_INFINITE_RECURSION = YES;
				CLANG_WARN_INT_CONVERSION = YES;
				CLANG_WARN_NON_LITERAL_NULL_CONVERSION = YES;
				CLANG_WARN_OBJC_IMPLICIT_RETAIN_SELF = YES;
				CLANG_WARN_OBJC_LITERAL_CONVERSION = YES;
				CLANG_WARN_OBJC_ROOT_CLASS = YES_ERROR;
				CLANG_WARN_QUOTED_INCLUDE_IN_FRAMEWORK_HEADER = YES;
				CLANG_WARN_RANGE_LOOP_ANALYSIS = YES;
				CLANG_WARN_STRICT_PROTOTYPES = YES;
				CLANG_WARN_SUSPICIOUS_MOVE = YES;
				CLANG_WARN_UNGUARDED_AVAILABILITY = YES_AGGRESSIVE;
				CLANG_WARN_UNREACHABLE_CODE = YES;
				CLANG_WARN__DUPLICATE_METHOD_MATCH = YES;
				COPY_PHASE_STRIP = NO;
				DEBUG_INFORMATION_FORMAT = dwarf;
				ENABLE_STRICT_OBJC_MSGSEND = YES;
				ENABLE_TESTABILITY = YES;
				GCC_C_LANGUAGE_STANDARD = gnu11;
				GCC_DYNAMIC_NO_PIC = NO;
				GCC_NO_COMMON_BLOCKS = YES;
				GCC_OPTIMIZATION_LEVEL = 0;
				GCC_PREPROCESSOR_DEFINITIONS = (
					"DEBUG=1",
					"$(inherited)",
				);
				GCC_WARN_64_TO_32_BIT_CONVERSION = YES;
				GCC_WARN_ABOUT_RETURN_TYPE = YES_ERROR;
				GCC_WARN_UNDECLARED_SELECTOR = YES;
				GCC_WARN_UNINITIALIZED_AUTOS = YES_AGGRESSIVE;
				GCC_WARN_UNUSED_FUNCTION = YES;
				GCC_WARN_UNUSED_VARIABLE = YES;
				IPHONEOS_DEPLOYMENT_TARGET = 16.4;
				MTL_ENABLE_DEBUG_INFO = INCLUDE_SOURCE;
				MTL_FAST_MATH = YES;
				ONLY_ACTIVE_ARCH = YES;
				SDKROOT = iphoneos;
				SWIFT_ACTIVE_COMPILATION_CONDITIONS = DEBUG;
				SWIFT_OPTIMIZATION_LEVEL = "-Onone";
			};
			name = Debug;
		};
		3EDDE8712A0D8FC800C70F95 /* Release */ = {
			isa = XCBuildConfiguration;
			buildSettings = {
				ALWAYS_SEARCH_USER_PATHS = NO;
				CLANG_ANALYZER_NONNULL = YES;
				CLANG_ANALYZER_NUMBER_OBJECT_CONVERSION = YES_AGGRESSIVE;
				CLANG_CXX_LANGUAGE_STANDARD = "gnu++20";
				CLANG_ENABLE_MODULES = YES;
				CLANG_ENABLE_OBJC_ARC = YES;
				CLANG_ENABLE_OBJC_WEAK = YES;
				CLANG_WARN_BLOCK_CAPTURE_AUTORELEASING = YES;
				CLANG_WARN_BOOL_CONVERSION = YES;
				CLANG_WARN_COMMA = YES;
				CLANG_WARN_CONSTANT_CONVERSION = YES;
				CLANG_WARN_DEPRECATED_OBJC_IMPLEMENTATIONS = YES;
				CLANG_WARN_DIRECT_OBJC_ISA_USAGE = YES_ERROR;
				CLANG_WARN_DOCUMENTATION_COMMENTS = YES;
				CLANG_WARN_EMPTY_BODY = YES;
				CLANG_WARN_ENUM_CONVERSION = YES;
				CLANG_WARN_INFINITE_RECURSION = YES;
				CLANG_WARN_INT_CONVERSION = YES;
				CLANG_WARN_NON_LITERAL_NULL_CONVERSION = YES;
				CLANG_WARN_OBJC_IMPLICIT_RETAIN_SELF = YES;
				CLANG_WARN_OBJC_LITERAL_CONVERSION = YES;
				CLANG_WARN_OBJC_ROOT_CLASS = YES_ERROR;
				CLANG_WARN_QUOTED_INCLUDE_IN_FRAMEWORK_HEADER = YES;
				CLANG_WARN_RANGE_LOOP_ANALYSIS = YES;
				CLANG_WARN_STRICT_PROTOTYPES = YES;
				CLANG_WARN_SUSPICIOUS_MOVE = YES;
				CLANG_WARN_UNGUARDED_AVAILABILITY = YES_AGGRESSIVE;
				CLANG_WARN_UNREACHABLE_CODE = YES;
				CLANG_WARN__DUPLICATE_METHOD_MATCH = YES;
				COPY_PHASE_STRIP = NO;
				DEBUG_INFORMATION_FORMAT = "dwarf-with-dsym";
				ENABLE_NS_ASSERTIONS = NO;
				ENABLE_STRICT_OBJC_MSGSEND = YES;
				GCC_C_LANGUAGE_STANDARD = gnu11;
				GCC_NO_COMMON_BLOCKS = YES;
				GCC_WARN_64_TO_32_BIT_CONVERSION = YES;
				GCC_WARN_ABOUT_RETURN_TYPE = YES_ERROR;
				GCC_WARN_UNDECLARED_SELECTOR = YES;
				GCC_WARN_UNINITIALIZED_AUTOS = YES_AGGRESSIVE;
				GCC_WARN_UNUSED_FUNCTION = YES;
				GCC_WARN_UNUSED_VARIABLE = YES;
				IPHONEOS_DEPLOYMENT_TARGET = 16.4;
				MTL_ENABLE_DEBUG_INFO = NO;
				MTL_FAST_MATH = YES;
				SDKROOT = iphoneos;
				SWIFT_COMPILATION_MODE = wholemodule;
				SWIFT_OPTIMIZATION_LEVEL = "-O";
				VALIDATE_PRODUCT = YES;
			};
			name = Release;
		};
		3EDDE8732A0D8FC800C70F95 /* Debug */ = {
			isa = XCBuildConfiguration;
			buildSettings = {
				ASSETCATALOG_COMPILER_APPICON_NAME = AppIcon;
				ASSETCATALOG_COMPILER_GLOBAL_ACCENT_COLOR_NAME = AccentColor;
				CODE_SIGN_STYLE = Automatic;
				CURRENT_PROJECT_VERSION = 1;
				DEVELOPMENT_ASSET_PATHS = "\"Meditation and Focus - Cs Project/Preview Content\"";
				ENABLE_PREVIEWS = YES;
				GENERATE_INFOPLIST_FILE = YES;
				INFOPLIST_KEY_UIApplicationSceneManifest_Generation = YES;
				INFOPLIST_KEY_UIApplicationSupportsIndirectInputEvents = YES;
				INFOPLIST_KEY_UILaunchScreen_Generation = YES;
				INFOPLIST_KEY_UISupportedInterfaceOrientations_iPad = "UIInterfaceOrientationPortrait UIInterfaceOrientationPortraitUpsideDown UIInterfaceOrientationLandscapeLeft UIInterfaceOrientationLandscapeRight";
				INFOPLIST_KEY_UISupportedInterfaceOrientations_iPhone = "UIInterfaceOrientationPortrait UIInterfaceOrientationLandscapeLeft UIInterfaceOrientationLandscapeRight";
				LD_RUNPATH_SEARCH_PATHS = (
					"$(inherited)",
					"@executable_path/Frameworks",
				);
				MARKETING_VERSION = 1.0;
				PRODUCT_BUNDLE_IDENTIFIER = "Allison.Meditation-and-Focus---Cs-Project";
				PRODUCT_NAME = "$(TARGET_NAME)";
				SWIFT_EMIT_LOC_STRINGS = YES;
				SWIFT_VERSION = 5.0;
				TARGETED_DEVICE_FAMILY = "1,2";
			};
			name = Debug;
		};
		3EDDE8742A0D8FC800C70F95 /* Release */ = {
			isa = XCBuildConfiguration;
			buildSettings = {
				ASSETCATALOG_COMPILER_APPICON_NAME = AppIcon;
				ASSETCATALOG_COMPILER_GLOBAL_ACCENT_COLOR_NAME = AccentColor;
				CODE_SIGN_STYLE = Automatic;
				CURRENT_PROJECT_VERSION = 1;
				DEVELOPMENT_ASSET_PATHS = "\"Meditation and Focus - Cs Project/Preview Content\"";
				ENABLE_PREVIEWS = YES;
				GENERATE_INFOPLIST_FILE = YES;
				INFOPLIST_KEY_UIApplicationSceneManifest_Generation = YES;
				INFOPLIST_KEY_UIApplicationSupportsIndirectInputEvents = YES;
				INFOPLIST_KEY_UILaunchScreen_Generation = YES;
				INFOPLIST_KEY_UISupportedInterfaceOrientations_iPad = "UIInterfaceOrientationPortrait UIInterfaceOrientationPortraitUpsideDown UIInterfaceOrientationLandscapeLeft UIInterfaceOrientationLandscapeRight";
				INFOPLIST_KEY_UISupportedInterfaceOrientations_iPhone = "UIInterfaceOrientationPortrait UIInterfaceOrientationLandscapeLeft UIInterfaceOrientationLandscapeRight";
				LD_RUNPATH_SEARCH_PATHS = (
					"$(inherited)",
					"@executable_path/Frameworks",
				);
				MARKETING_VERSION = 1.0;
				PRODUCT_BUNDLE_IDENTIFIER = "Allison.Meditation-and-Focus---Cs-Project";
				PRODUCT_NAME = "$(TARGET_NAME)";
				SWIFT_EMIT_LOC_STRINGS = YES;
				SWIFT_VERSION = 5.0;
				TARGETED_DEVICE_FAMILY = "1,2";
			};
			name = Release;
		};
		3EDDE8762A0D8FC800C70F95 /* Debug */ = {
			isa = XCBuildConfiguration;
			buildSettings = {
				ALWAYS_EMBED_SWIFT_STANDARD_LIBRARIES = YES;
				BUNDLE_LOADER = "$(TEST_HOST)";
				CODE_SIGN_STYLE = Automatic;
				CURRENT_PROJECT_VERSION = 1;
				GENERATE_INFOPLIST_FILE = YES;
				IPHONEOS_DEPLOYMENT_TARGET = 16.4;
				MARKETING_VERSION = 1.0;
				PRODUCT_BUNDLE_IDENTIFIER = "Allison.Meditation-and-Focus---Cs-ProjectTests";
				PRODUCT_NAME = "$(TARGET_NAME)";
				SWIFT_EMIT_LOC_STRINGS = NO;
				SWIFT_VERSION = 5.0;
				TARGETED_DEVICE_FAMILY = "1,2";
				TEST_HOST = "$(BUILT_PRODUCTS_DIR)/Meditation and Focus - Cs Project.app/$(BUNDLE_EXECUTABLE_FOLDER_PATH)/Meditation and Focus - Cs Project";
			};
			name = Debug;
		};
		3EDDE8772A0D8FC800C70F95 /* Release */ = {
			isa = XCBuildConfiguration;
			buildSettings = {
				ALWAYS_EMBED_SWIFT_STANDARD_LIBRARIES = YES;
				BUNDLE_LOADER = "$(TEST_HOST)";
				CODE_SIGN_STYLE = Automatic;
				CURRENT_PROJECT_VERSION = 1;
				GENERATE_INFOPLIST_FILE = YES;
				IPHONEOS_DEPLOYMENT_TARGET = 16.4;
				MARKETING_VERSION = 1.0;
				PRODUCT_BUNDLE_IDENTIFIER = "Allison.Meditation-and-Focus---Cs-ProjectTests";
				PRODUCT_NAME = "$(TARGET_NAME)";
				SWIFT_EMIT_LOC_STRINGS = NO;
				SWIFT_VERSION = 5.0;
				TARGETED_DEVICE_FAMILY = "1,2";
				TEST_HOST = "$(BUILT_PRODUCTS_DIR)/Meditation and Focus - Cs Project.app/$(BUNDLE_EXECUTABLE_FOLDER_PATH)/Meditation and Focus - Cs Project";
			};
			name = Release;
		};
		3EDDE8792A0D8FC800C70F95 /* Debug */ = {
			isa = XCBuildConfiguration;
			buildSettings = {
				ALWAYS_EMBED_SWIFT_STANDARD_LIBRARIES = YES;
				CODE_SIGN_STYLE = Automatic;
				CURRENT_PROJECT_VERSION = 1;
				GENERATE_INFOPLIST_FILE = YES;
				MARKETING_VERSION = 1.0;
				PRODUCT_BUNDLE_IDENTIFIER = "Allison.Meditation-and-Focus---Cs-ProjectUITests";
				PRODUCT_NAME = "$(TARGET_NAME)";
				SWIFT_EMIT_LOC_STRINGS = NO;
				SWIFT_VERSION = 5.0;
				TARGETED_DEVICE_FAMILY = "1,2";
				TEST_TARGET_NAME = "Meditation and Focus - Cs Project";
			};
			name = Debug;
		};
		3EDDE87A2A0D8FC800C70F95 /* Release */ = {
			isa = XCBuildConfiguration;
			buildSettings = {
				ALWAYS_EMBED_SWIFT_STANDARD_LIBRARIES = YES;
				CODE_SIGN_STYLE = Automatic;
				CURRENT_PROJECT_VERSION = 1;
				GENERATE_INFOPLIST_FILE = YES;
				MARKETING_VERSION = 1.0;
				PRODUCT_BUNDLE_IDENTIFIER = "Allison.Meditation-and-Focus---Cs-ProjectUITests";
				PRODUCT_NAME = "$(TARGET_NAME)";
				SWIFT_EMIT_LOC_STRINGS = NO;
				SWIFT_VERSION = 5.0;
				TARGETED_DEVICE_FAMILY = "1,2";
				TEST_TARGET_NAME = "Meditation and Focus - Cs Project";
			};
			name = Release;
		};
/* End XCBuildConfiguration section */

/* Begin XCConfigurationList section */
		3EDDE8492A0D8FC700C70F95 /* Build configuration list for PBXProject "Meditation and Focus - Cs Project" */ = {
			isa = XCConfigurationList;
			buildConfigurations = (
				3EDDE8702A0D8FC800C70F95 /* Debug */,
				3EDDE8712A0D8FC800C70F95 /* Release */,
			);
			defaultConfigurationIsVisible = 0;
			defaultConfigurationName = Release;
		};
		3EDDE8722A0D8FC800C70F95 /* Build configuration list for PBXNativeTarget "Meditation and Focus - Cs Project" */ = {
			isa = XCConfigurationList;
			buildConfigurations = (
				3EDDE8732A0D8FC800C70F95 /* Debug */,
				3EDDE8742A0D8FC800C70F95 /* Release */,
			);
			defaultConfigurationIsVisible = 0;
			defaultConfigurationName = Release;
		};
		3EDDE8752A0D8FC800C70F95 /* Build configuration list for PBXNativeTarget "Meditation and Focus - Cs ProjectTests" */ = {
			isa = XCConfigurationList;
			buildConfigurations = (
				3EDDE8762A0D8FC800C70F95 /* Debug */,
				3EDDE8772A0D8FC800C70F95 /* Release */,
			);
			defaultConfigurationIsVisible = 0;
			defaultConfigurationName = Release;
		};
		3EDDE8782A0D8FC800C70F95 /* Build configuration list for PBXNativeTarget "Meditation and Focus - Cs ProjectUITests" */ = {
			isa = XCConfigurationList;
			buildConfigurations = (
				3EDDE8792A0D8FC800C70F95 /* Debug */,
				3EDDE87A2A0D8FC800C70F95 /* Release */,
			);
			defaultConfigurationIsVisible = 0;
			defaultConfigurationName = Release;
		};
/* End XCConfigurationList section */
	};
	rootObject = 3EDDE8462A0D8FC700C70F95 /* Project object */;
}
